
Microsoft Visual Studio Solution File, Format Version 12.00
Project("{2150E333-8FDC-42A3-9474-1A3956D46DE8}") = "src", "src", "{6BB67746-FE29-47CE-85F6-2FD7ED9717D6}"
EndProject
Project("{2150E333-8FDC-42A3-9474-1A3956D46DE8}") = "tests", "tests", "{9DF6FA7F-B459-4A4B-ADFA-40B94EFAA14D}"
EndProject
Project("{FAE04EC0-301F-11D3-BF4B-00C04F79EFBC}") = "BinaryMessageCodec", "src\BinaryMessageCodec\BinaryMessageCodec.csproj", "{1287D3CA-5C7E-4510-9277-0E15BB3759B4}"
EndProject
Project("{FAE04EC0-301F-11D3-BF4B-00C04F79EFBC}") = "BinaryMessageCodec.UnitTests", "test\BinaryMessageCodec.UnitTests\BinaryMessageCodec.UnitTests.csproj", "{C554D77B-F51A-4526-99C7-BBB4655381C1}"
EndProject
Project("{FAE04EC0-301F-11D3-BF4B-00C04F79EFBC}") = "DemoApp", "src\DemoApp\DemoApp.csproj", "{C61DF82D-853E-4568-8C5E-B1364B521CD1}"
EndProject
Global
	GlobalSection(SolutionConfigurationPlatforms) = preSolution
		Debug|Any CPU = Debug|Any CPU
		Release|Any CPU = Release|Any CPU
	EndGlobalSection
	GlobalSection(ProjectConfigurationPlatforms) = postSolution
		{1287D3CA-5C7E-4510-9277-0E15BB3759B4}.Debug|Any CPU.ActiveCfg = Debug|Any CPU
		{1287D3CA-5C7E-4510-9277-0E15BB3759B4}.Debug|Any CPU.Build.0 = Debug|Any CPU
		{1287D3CA-5C7E-4510-9277-0E15BB3759B4}.Release|Any CPU.ActiveCfg = Release|Any CPU
		{1287D3CA-5C7E-4510-9277-0E15BB3759B4}.Release|Any CPU.Build.0 = Release|Any CPU
		{C554D77B-F51A-4526-99C7-BBB4655381C1}.Debug|Any CPU.ActiveCfg = Debug|Any CPU
		{C554D77B-F51A-4526-99C7-BBB4655381C1}.Debug|Any CPU.Build.0 = Debug|Any CPU
		{C554D77B-F51A-4526-99C7-BBB4655381C1}.Release|Any CPU.ActiveCfg = Release|Any CPU
		{C554D77B-F51A-4526-99C7-BBB4655381C1}.Release|Any CPU.Build.0 = Release|Any CPU
		{C61DF82D-853E-4568-8C5E-B1364B521CD1}.Debug|Any CPU.ActiveCfg = Debug|Any CPU
		{C61DF82D-853E-4568-8C5E-B1364B521CD1}.Debug|Any CPU.Build.0 = Debug|Any CPU
		{C61DF82D-853E-4568-8C5E-B1364B521CD1}.Release|Any CPU.ActiveCfg = Release|Any CPU
		{C61DF82D-853E-4568-8C5E-B1364B521CD1}.Release|Any CPU.Build.0 = Release|Any CPU
	EndGlobalSection
	GlobalSection(NestedProjects) = preSolution
		{1287D3CA-5C7E-4510-9277-0E15BB3759B4} = {6BB67746-FE29-47CE-85F6-2FD7ED9717D6}
		{C554D77B-F51A-4526-99C7-BBB4655381C1} = {9DF6FA7F-B459-4A4B-ADFA-40B94EFAA14D}
	EndGlobalSection
EndGlobal
